// !$*UTF8*$!
{
	archiveVersion = 1;
	classes = {
	};
	objectVersion = 46;
	objects = {

/* Begin PBXBuildFile section */
		4F44FEE61FCC127500FEFAD3 /* L2.cl in Sources */ = {isa = PBXBuildFile; fileRef = 4F44FEE51FCC127500FEFAD3 /* L2.cl */; };
		4F44FEED1FCC1ABD00FEFAD3 /* LossFn.cpp in Sources */ = {isa = PBXBuildFile; fileRef = 4F44FEEB1FCC1ABD00FEFAD3 /* LossFn.cpp */; };
		4F7FBD201FC777B600728E39 /* L2.cpp in Sources */ = {isa = PBXBuildFile; fileRef = 4F7FBD1E1FC777B600728E39 /* L2.cpp */; };
		4F7FBD231FC8862300728E39 /* Pooling.cpp in Sources */ = {isa = PBXBuildFile; fileRef = 4F7FBD211FC8862300728E39 /* Pooling.cpp */; };
		4F9225EA1FA24934009C1434 /* main.cpp in Sources */ = {isa = PBXBuildFile; fileRef = 4F9225E91FA24934009C1434 /* main.cpp */; };
		4F9225F51FA24D7E009C1434 /* Tensor.cpp in Sources */ = {isa = PBXBuildFile; fileRef = 4F9225F31FA24D7E009C1434 /* Tensor.cpp */; };
		4F9225FA1FA2520B009C1434 /* Network.cpp in Sources */ = {isa = PBXBuildFile; fileRef = 4F9225F81FA2520B009C1434 /* Network.cpp */; };
		4F9225FE1FA2531C009C1434 /* TrainingData.cpp in Sources */ = {isa = PBXBuildFile; fileRef = 4F9225FC1FA2531C009C1434 /* TrainingData.cpp */; };
		4F9226021FA25360009C1434 /* FullyConnected.cpp in Sources */ = {isa = PBXBuildFile; fileRef = 4F9226001FA25360009C1434 /* FullyConnected.cpp */; };
		4F9226051FA25371009C1434 /* Convolution.cpp in Sources */ = {isa = PBXBuildFile; fileRef = 4F9226031FA25371009C1434 /* Convolution.cpp */; };
		4F9226081FA25462009C1434 /* BatchNormalisation.cpp in Sources */ = {isa = PBXBuildFile; fileRef = 4F9226061FA25462009C1434 /* BatchNormalisation.cpp */; };
		4F92260B1FA2546F009C1434 /* Dropout.cpp in Sources */ = {isa = PBXBuildFile; fileRef = 4F9226091FA2546F009C1434 /* Dropout.cpp */; };
		4F9226111FA25491009C1434 /* Bias.cpp in Sources */ = {isa = PBXBuildFile; fileRef = 4F92260F1FA25491009C1434 /* Bias.cpp */; };
		4F9226181FA254C8009C1434 /* Linear Unit.cpp in Sources */ = {isa = PBXBuildFile; fileRef = 4F9226161FA254C8009C1434 /* Linear Unit.cpp */; };
		4F92261B1FA254D8009C1434 /* Binary Step.cpp in Sources */ = {isa = PBXBuildFile; fileRef = 4F9226191FA254D8009C1434 /* Binary Step.cpp */; };
		4F92261E1FA254EA009C1434 /* Logistic.cpp in Sources */ = {isa = PBXBuildFile; fileRef = 4F92261C1FA254EA009C1434 /* Logistic.cpp */; };
		4F9226211FA25503009C1434 /* Tangent.cpp in Sources */ = {isa = PBXBuildFile; fileRef = 4F92261F1FA25503009C1434 /* Tangent.cpp */; };
		4F9226241FA2552A009C1434 /* Softsign.cpp in Sources */ = {isa = PBXBuildFile; fileRef = 4F9226221FA2552A009C1434 /* Softsign.cpp */; };
		4F9226271FA25533009C1434 /* Softplus.cpp in Sources */ = {isa = PBXBuildFile; fileRef = 4F9226251FA25533009C1434 /* Softplus.cpp */; };
		4F92262A1FA25746009C1434 /* Operation.cpp in Sources */ = {isa = PBXBuildFile; fileRef = 4F9226281FA25746009C1434 /* Operation.cpp */; };
		4F92262E1FA25785009C1434 /* Graph.cpp in Sources */ = {isa = PBXBuildFile; fileRef = 4F92262C1FA25785009C1434 /* Graph.cpp */; };
		4F9226371FA35603009C1434 /* Layer.cpp in Sources */ = {isa = PBXBuildFile; fileRef = 4F9226351FA35603009C1434 /* Layer.cpp */; };
		4FA30E1C1FB0655A0035373F /* OpenCL.framework in Frameworks */ = {isa = PBXBuildFile; fileRef = 4FA30E1B1FB0655A0035373F /* OpenCL.framework */; };
		4FA30E1E1FB0663C0035373F /* ElementWiseAdd.cl in Sources */ = {isa = PBXBuildFile; fileRef = 4FA30E1D1FB0663C0035373F /* ElementWiseAdd.cl */; };
		4FC992171FA6648900266EE0 /* LearnableParameters.cpp in Sources */ = {isa = PBXBuildFile; fileRef = 4FC992151FA6648900266EE0 /* LearnableParameters.cpp */; };
		4FEE4DD91FB9C0E7005D7F5A /* MatrixMultiply.cl in Sources */ = {isa = PBXBuildFile; fileRef = 4FEE4DD81FB9C0E7005D7F5A /* MatrixMultiply.cl */; };
/* End PBXBuildFile section */

/* Begin PBXCopyFilesBuildPhase section */
		4F9225E41FA24934009C1434 /* CopyFiles */ = {
			isa = PBXCopyFilesBuildPhase;
			buildActionMask = 2147483647;
			dstPath = /usr/share/man/man1/;
			dstSubfolderSpec = 0;
			files = (
			);
			runOnlyForDeploymentPostprocessing = 1;
		};
/* End PBXCopyFilesBuildPhase section */

/* Begin PBXFileReference section */
		4F44FEE51FCC127500FEFAD3 /* L2.cl */ = {isa = PBXFileReference; fileEncoding = 4; lastKnownFileType = sourcecode.opencl; path = L2.cl; sourceTree = "<group>"; };
		4F44FEE91FCC1A4100FEFAD3 /* Loss.hpp */ = {isa = PBXFileReference; fileEncoding = 4; lastKnownFileType = sourcecode.cpp.h; path = Loss.hpp; sourceTree = "<group>"; };
		4F44FEEB1FCC1ABD00FEFAD3 /* LossFn.cpp */ = {isa = PBXFileReference; fileEncoding = 4; lastKnownFileType = sourcecode.cpp.cpp; path = LossFn.cpp; sourceTree = "<group>"; };
		4F44FEEC1FCC1ABD00FEFAD3 /* LossFn.hpp */ = {isa = PBXFileReference; fileEncoding = 4; lastKnownFileType = sourcecode.cpp.h; path = LossFn.hpp; sourceTree = "<group>"; };
		4F7FBD1E1FC777B600728E39 /* L2.cpp */ = {isa = PBXFileReference; fileEncoding = 4; lastKnownFileType = sourcecode.cpp.cpp; path = L2.cpp; sourceTree = "<group>"; };
		4F7FBD1F1FC777B600728E39 /* L2.hpp */ = {isa = PBXFileReference; fileEncoding = 4; lastKnownFileType = sourcecode.cpp.h; path = L2.hpp; sourceTree = "<group>"; };
		4F7FBD211FC8862300728E39 /* Pooling.cpp */ = {isa = PBXFileReference; fileEncoding = 4; lastKnownFileType = sourcecode.cpp.cpp; path = Pooling.cpp; sourceTree = "<group>"; };
		4F7FBD221FC8862300728E39 /* Pooling.hpp */ = {isa = PBXFileReference; fileEncoding = 4; lastKnownFileType = sourcecode.cpp.h; path = Pooling.hpp; sourceTree = "<group>"; };
		4F9225E61FA24934009C1434 /* dendrite */ = {isa = PBXFileReference; explicitFileType = "compiled.mach-o.executable"; includeInIndex = 0; path = dendrite; sourceTree = BUILT_PRODUCTS_DIR; };
		4F9225E91FA24934009C1434 /* main.cpp */ = {isa = PBXFileReference; lastKnownFileType = sourcecode.cpp.cpp; path = main.cpp; sourceTree = "<group>"; };
		4F9225F31FA24D7E009C1434 /* Tensor.cpp */ = {isa = PBXFileReference; fileEncoding = 4; lastKnownFileType = sourcecode.cpp.cpp; path = Tensor.cpp; sourceTree = "<group>"; };
		4F9225F41FA24D7E009C1434 /* Tensor.hpp */ = {isa = PBXFileReference; fileEncoding = 4; lastKnownFileType = sourcecode.cpp.h; path = Tensor.hpp; sourceTree = "<group>"; };
		4F9225F81FA2520B009C1434 /* Network.cpp */ = {isa = PBXFileReference; fileEncoding = 4; lastKnownFileType = sourcecode.cpp.cpp; path = Network.cpp; sourceTree = "<group>"; };
		4F9225F91FA2520B009C1434 /* Network.hpp */ = {isa = PBXFileReference; fileEncoding = 4; lastKnownFileType = sourcecode.cpp.h; path = Network.hpp; sourceTree = "<group>"; };
		4F9225FC1FA2531C009C1434 /* TrainingData.cpp */ = {isa = PBXFileReference; fileEncoding = 4; lastKnownFileType = sourcecode.cpp.cpp; path = TrainingData.cpp; sourceTree = "<group>"; };
		4F9225FD1FA2531C009C1434 /* TrainingData.hpp */ = {isa = PBXFileReference; fileEncoding = 4; lastKnownFileType = sourcecode.cpp.h; path = TrainingData.hpp; sourceTree = "<group>"; };
		4F9226001FA25360009C1434 /* FullyConnected.cpp */ = {isa = PBXFileReference; fileEncoding = 4; lastKnownFileType = sourcecode.cpp.cpp; path = FullyConnected.cpp; sourceTree = "<group>"; };
		4F9226011FA25360009C1434 /* FullyConnected.hpp */ = {isa = PBXFileReference; fileEncoding = 4; lastKnownFileType = sourcecode.cpp.h; path = FullyConnected.hpp; sourceTree = "<group>"; };
		4F9226031FA25371009C1434 /* Convolution.cpp */ = {isa = PBXFileReference; fileEncoding = 4; lastKnownFileType = sourcecode.cpp.cpp; path = Convolution.cpp; sourceTree = "<group>"; };
		4F9226041FA25371009C1434 /* Convolution.hpp */ = {isa = PBXFileReference; fileEncoding = 4; lastKnownFileType = sourcecode.cpp.h; path = Convolution.hpp; sourceTree = "<group>"; };
		4F9226061FA25462009C1434 /* BatchNormalisation.cpp */ = {isa = PBXFileReference; fileEncoding = 4; lastKnownFileType = sourcecode.cpp.cpp; path = BatchNormalisation.cpp; sourceTree = "<group>"; };
		4F9226071FA25462009C1434 /* BatchNormalisation.hpp */ = {isa = PBXFileReference; fileEncoding = 4; lastKnownFileType = sourcecode.cpp.h; path = BatchNormalisation.hpp; sourceTree = "<group>"; };
		4F9226091FA2546F009C1434 /* Dropout.cpp */ = {isa = PBXFileReference; fileEncoding = 4; lastKnownFileType = sourcecode.cpp.cpp; path = Dropout.cpp; sourceTree = "<group>"; };
		4F92260A1FA2546F009C1434 /* Dropout.hpp */ = {isa = PBXFileReference; fileEncoding = 4; lastKnownFileType = sourcecode.cpp.h; path = Dropout.hpp; sourceTree = "<group>"; };
		4F92260F1FA25491009C1434 /* Bias.cpp */ = {isa = PBXFileReference; fileEncoding = 4; lastKnownFileType = sourcecode.cpp.cpp; path = Bias.cpp; sourceTree = "<group>"; };
		4F9226101FA25491009C1434 /* Bias.hpp */ = {isa = PBXFileReference; fileEncoding = 4; lastKnownFileType = sourcecode.cpp.h; path = Bias.hpp; sourceTree = "<group>"; };
		4F9226161FA254C8009C1434 /* Linear Unit.cpp */ = {isa = PBXFileReference; fileEncoding = 4; lastKnownFileType = sourcecode.cpp.cpp; path = "Linear Unit.cpp"; sourceTree = "<group>"; };
		4F9226171FA254C8009C1434 /* Linear Unit.hpp */ = {isa = PBXFileReference; fileEncoding = 4; lastKnownFileType = sourcecode.cpp.h; path = "Linear Unit.hpp"; sourceTree = "<group>"; };
		4F9226191FA254D8009C1434 /* Binary Step.cpp */ = {isa = PBXFileReference; fileEncoding = 4; lastKnownFileType = sourcecode.cpp.cpp; path = "Binary Step.cpp"; sourceTree = "<group>"; };
		4F92261A1FA254D8009C1434 /* Binary Step.hpp */ = {isa = PBXFileReference; fileEncoding = 4; lastKnownFileType = sourcecode.cpp.h; path = "Binary Step.hpp"; sourceTree = "<group>"; };
		4F92261C1FA254EA009C1434 /* Logistic.cpp */ = {isa = PBXFileReference; fileEncoding = 4; lastKnownFileType = sourcecode.cpp.cpp; path = Logistic.cpp; sourceTree = "<group>"; };
		4F92261D1FA254EA009C1434 /* Logistic.hpp */ = {isa = PBXFileReference; fileEncoding = 4; lastKnownFileType = sourcecode.cpp.h; path = Logistic.hpp; sourceTree = "<group>"; };
		4F92261F1FA25503009C1434 /* Tangent.cpp */ = {isa = PBXFileReference; fileEncoding = 4; lastKnownFileType = sourcecode.cpp.cpp; path = Tangent.cpp; sourceTree = "<group>"; };
		4F9226201FA25503009C1434 /* Tangent.hpp */ = {isa = PBXFileReference; fileEncoding = 4; lastKnownFileType = sourcecode.cpp.h; path = Tangent.hpp; sourceTree = "<group>"; };
		4F9226221FA2552A009C1434 /* Softsign.cpp */ = {isa = PBXFileReference; fileEncoding = 4; lastKnownFileType = sourcecode.cpp.cpp; path = Softsign.cpp; sourceTree = "<group>"; };
		4F9226231FA2552A009C1434 /* Softsign.hpp */ = {isa = PBXFileReference; fileEncoding = 4; lastKnownFileType = sourcecode.cpp.h; path = Softsign.hpp; sourceTree = "<group>"; };
		4F9226251FA25533009C1434 /* Softplus.cpp */ = {isa = PBXFileReference; fileEncoding = 4; lastKnownFileType = sourcecode.cpp.cpp; path = Softplus.cpp; sourceTree = "<group>"; };
		4F9226261FA25533009C1434 /* Softplus.hpp */ = {isa = PBXFileReference; fileEncoding = 4; lastKnownFileType = sourcecode.cpp.h; path = Softplus.hpp; sourceTree = "<group>"; };
		4F9226281FA25746009C1434 /* Operation.cpp */ = {isa = PBXFileReference; fileEncoding = 4; lastKnownFileType = sourcecode.cpp.cpp; path = Operation.cpp; sourceTree = "<group>"; };
		4F9226291FA25746009C1434 /* Operation.hpp */ = {isa = PBXFileReference; fileEncoding = 4; lastKnownFileType = sourcecode.cpp.h; path = Operation.hpp; sourceTree = "<group>"; };
		4F92262C1FA25785009C1434 /* Graph.cpp */ = {isa = PBXFileReference; fileEncoding = 4; lastKnownFileType = sourcecode.cpp.cpp; path = Graph.cpp; sourceTree = "<group>"; };
		4F92262D1FA25785009C1434 /* Graph.hpp */ = {isa = PBXFileReference; fileEncoding = 4; lastKnownFileType = sourcecode.cpp.h; path = Graph.hpp; sourceTree = "<group>"; };
		4F9226331FA25FFA009C1434 /* Layers.hpp */ = {isa = PBXFileReference; fileEncoding = 4; lastKnownFileType = sourcecode.cpp.h; path = Layers.hpp; sourceTree = "<group>"; };
		4F9226351FA35603009C1434 /* Layer.cpp */ = {isa = PBXFileReference; fileEncoding = 4; lastKnownFileType = sourcecode.cpp.cpp; path = Layer.cpp; sourceTree = "<group>"; };
		4F9226361FA35603009C1434 /* Layer.hpp */ = {isa = PBXFileReference; fileEncoding = 4; lastKnownFileType = sourcecode.cpp.h; path = Layer.hpp; sourceTree = "<group>"; };
		4FA30E1B1FB0655A0035373F /* OpenCL.framework */ = {isa = PBXFileReference; lastKnownFileType = wrapper.framework; name = OpenCL.framework; path = System/Library/Frameworks/OpenCL.framework; sourceTree = SDKROOT; };
		4FA30E1D1FB0663C0035373F /* ElementWiseAdd.cl */ = {isa = PBXFileReference; fileEncoding = 4; lastKnownFileType = sourcecode.opencl; path = ElementWiseAdd.cl; sourceTree = "<group>"; };
		4FC992151FA6648900266EE0 /* LearnableParameters.cpp */ = {isa = PBXFileReference; fileEncoding = 4; lastKnownFileType = sourcecode.cpp.cpp; path = LearnableParameters.cpp; sourceTree = "<group>"; };
		4FC992161FA6648900266EE0 /* LearnableParameters.hpp */ = {isa = PBXFileReference; fileEncoding = 4; lastKnownFileType = sourcecode.cpp.h; path = LearnableParameters.hpp; sourceTree = "<group>"; };
		4FEE4DD81FB9C0E7005D7F5A /* MatrixMultiply.cl */ = {isa = PBXFileReference; fileEncoding = 4; lastKnownFileType = sourcecode.opencl; path = MatrixMultiply.cl; sourceTree = "<group>"; };
/* End PBXFileReference section */

/* Begin PBXFrameworksBuildPhase section */
		4F9225E31FA24934009C1434 /* Frameworks */ = {
			isa = PBXFrameworksBuildPhase;
			buildActionMask = 2147483647;
			files = (
				4FA30E1C1FB0655A0035373F /* OpenCL.framework in Frameworks */,
			);
			runOnlyForDeploymentPostprocessing = 0;
		};
/* End PBXFrameworksBuildPhase section */

/* Begin PBXGroup section */
		4F7FBD1D1FC7778000728E39 /* Loss */ = {
			isa = PBXGroup;
			children = (
				4F7FBD1E1FC777B600728E39 /* L2.cpp */,
				4F7FBD1F1FC777B600728E39 /* L2.hpp */,
			);
			name = Loss;
			sourceTree = "<group>";
		};
		4F9225DD1FA24934009C1434 = {
			isa = PBXGroup;
			children = (
				4F9225E81FA24934009C1434 /* dendrite */,
				4F9225E71FA24934009C1434 /* Products */,
				4FA30E1A1FB0655A0035373F /* Frameworks */,
			);
			sourceTree = "<group>";
		};
		4F9225E71FA24934009C1434 /* Products */ = {
			isa = PBXGroup;
			children = (
				4F9225E61FA24934009C1434 /* dendrite */,
			);
			name = Products;
			sourceTree = "<group>";
		};
		4F9225E81FA24934009C1434 /* dendrite */ = {
			isa = PBXGroup;
			children = (
				4F9225E91FA24934009C1434 /* main.cpp */,
				4F9225F71FA251E9009C1434 /* Network */,
				4F9225F61FA251D2009C1434 /* Tensor */,
			);
			path = dendrite;
			sourceTree = "<group>";
		};
		4F9225F61FA251D2009C1434 /* Tensor */ = {
			isa = PBXGroup;
			children = (
				4F9225F31FA24D7E009C1434 /* Tensor.cpp */,
				4F9225F41FA24D7E009C1434 /* Tensor.hpp */,
				4F9225FB1FA2530A009C1434 /* Training Data */,
			);
			name = Tensor;
			sourceTree = "<group>";
		};
		4F9225F71FA251E9009C1434 /* Network */ = {
			isa = PBXGroup;
			children = (
				4F9225F81FA2520B009C1434 /* Network.cpp */,
				4F9225F91FA2520B009C1434 /* Network.hpp */,
				4F92262B1FA25773009C1434 /* Graph */,
				4F9226151FA254A9009C1434 /* Activation Functions */,
				4F9225FF1FA25323009C1434 /* Layers */,
				4F7FBD1D1FC7778000728E39 /* Loss */,
			);
			name = Network;
			sourceTree = "<group>";
		};
		4F9225FB1FA2530A009C1434 /* Training Data */ = {
			isa = PBXGroup;
			children = (
				4F9225FC1FA2531C009C1434 /* TrainingData.cpp */,
				4F9225FD1FA2531C009C1434 /* TrainingData.hpp */,
			);
			name = "Training Data";
			sourceTree = "<group>";
		};
		4F9225FF1FA25323009C1434 /* Layers */ = {
			isa = PBXGroup;
			children = (
				4F9226061FA25462009C1434 /* BatchNormalisation.cpp */,
				4F9226071FA25462009C1434 /* BatchNormalisation.hpp */,
				4F92260F1FA25491009C1434 /* Bias.cpp */,
				4F9226101FA25491009C1434 /* Bias.hpp */,
				4F9226031FA25371009C1434 /* Convolution.cpp */,
				4F9226041FA25371009C1434 /* Convolution.hpp */,
				4F9226091FA2546F009C1434 /* Dropout.cpp */,
				4F92260A1FA2546F009C1434 /* Dropout.hpp */,
				4F9226001FA25360009C1434 /* FullyConnected.cpp */,
				4F9226011FA25360009C1434 /* FullyConnected.hpp */,
				4F9226281FA25746009C1434 /* Operation.cpp */,
				4F9226291FA25746009C1434 /* Operation.hpp */,
				4F7FBD211FC8862300728E39 /* Pooling.cpp */,
				4F7FBD221FC8862300728E39 /* Pooling.hpp */,
				4FC992141FA656B200266EE0 /* Algorithms */,
				4FC992181FA6648D00266EE0 /* Properties */,
			);
			name = Layers;
			sourceTree = "<group>";
		};
		4F9226151FA254A9009C1434 /* Activation Functions */ = {
			isa = PBXGroup;
			children = (
				4F9226191FA254D8009C1434 /* Binary Step.cpp */,
				4F92261A1FA254D8009C1434 /* Binary Step.hpp */,
				4F9226161FA254C8009C1434 /* Linear Unit.cpp */,
				4F9226171FA254C8009C1434 /* Linear Unit.hpp */,
				4F92261C1FA254EA009C1434 /* Logistic.cpp */,
				4F92261D1FA254EA009C1434 /* Logistic.hpp */,
				4F9226251FA25533009C1434 /* Softplus.cpp */,
				4F9226261FA25533009C1434 /* Softplus.hpp */,
				4F9226221FA2552A009C1434 /* Softsign.cpp */,
				4F9226231FA2552A009C1434 /* Softsign.hpp */,
				4F92261F1FA25503009C1434 /* Tangent.cpp */,
				4F9226201FA25503009C1434 /* Tangent.hpp */,
			);
			name = "Activation Functions";
			sourceTree = "<group>";
		};
		4F92262B1FA25773009C1434 /* Graph */ = {
			isa = PBXGroup;
			children = (
				4F92262C1FA25785009C1434 /* Graph.cpp */,
				4F92262D1FA25785009C1434 /* Graph.hpp */,
				4F9226351FA35603009C1434 /* Layer.cpp */,
				4F9226361FA35603009C1434 /* Layer.hpp */,
				4F9226331FA25FFA009C1434 /* Layers.hpp */,
				4F44FEEB1FCC1ABD00FEFAD3 /* LossFn.cpp */,
				4F44FEEC1FCC1ABD00FEFAD3 /* LossFn.hpp */,
				4F44FEE91FCC1A4100FEFAD3 /* Loss.hpp */,
			);
			name = Graph;
			sourceTree = "<group>";
		};
		4FA30E1A1FB0655A0035373F /* Frameworks */ = {
			isa = PBXGroup;
			children = (
				4FA30E1B1FB0655A0035373F /* OpenCL.framework */,
			);
			name = Frameworks;
			sourceTree = "<group>";
		};
		4FC992141FA656B200266EE0 /* Algorithms */ = {
			isa = PBXGroup;
			children = (
				4FA30E1D1FB0663C0035373F /* ElementWiseAdd.cl */,
				4FEE4DD81FB9C0E7005D7F5A /* MatrixMultiply.cl */,
				4F44FEE51FCC127500FEFAD3 /* L2.cl */,
			);
			name = Algorithms;
			sourceTree = "<group>";
		};
		4FC992181FA6648D00266EE0 /* Properties */ = {
			isa = PBXGroup;
			children = (
				4FC992151FA6648900266EE0 /* LearnableParameters.cpp */,
				4FC992161FA6648900266EE0 /* LearnableParameters.hpp */,
			);
			name = Properties;
			sourceTree = "<group>";
		};
/* End PBXGroup section */

/* Begin PBXNativeTarget section */
		4F9225E51FA24934009C1434 /* dendrite */ = {
			isa = PBXNativeTarget;
			buildConfigurationList = 4F9225ED1FA24934009C1434 /* Build configuration list for PBXNativeTarget "dendrite" */;
			buildPhases = (
				4F9225E21FA24934009C1434 /* Sources */,
				4F9225E31FA24934009C1434 /* Frameworks */,
				4F9225E41FA24934009C1434 /* CopyFiles */,
			);
			buildRules = (
			);
			dependencies = (
			);
			name = dendrite;
			productName = dendrite;
			productReference = 4F9225E61FA24934009C1434 /* dendrite */;
			productType = "com.apple.product-type.tool";
		};
/* End PBXNativeTarget section */

/* Begin PBXProject section */
		4F9225DE1FA24934009C1434 /* Project object */ = {
			isa = PBXProject;
			attributes = {
				LastUpgradeCheck = 0820;
				ORGANIZATIONNAME = "Oli Callaghan";
				TargetAttributes = {
					4F9225E51FA24934009C1434 = {
						CreatedOnToolsVersion = 8.2.1;
						ProvisioningStyle = Automatic;
					};
				};
			};
			buildConfigurationList = 4F9225E11FA24934009C1434 /* Build configuration list for PBXProject "dendrite" */;
			compatibilityVersion = "Xcode 3.2";
			developmentRegion = English;
			hasScannedForEncodings = 0;
			knownRegions = (
				en,
			);
			mainGroup = 4F9225DD1FA24934009C1434;
			productRefGroup = 4F9225E71FA24934009C1434 /* Products */;
			projectDirPath = "";
			projectRoot = "";
			targets = (
				4F9225E51FA24934009C1434 /* dendrite */,
			);
		};
/* End PBXProject section */

/* Begin PBXSourcesBuildPhase section */
		4F9225E21FA24934009C1434 /* Sources */ = {
			isa = PBXSourcesBuildPhase;
			buildActionMask = 2147483647;
			files = (
				4F44FEE61FCC127500FEFAD3 /* L2.cl in Sources */,
				4F9225F51FA24D7E009C1434 /* Tensor.cpp in Sources */,
				4F9226211FA25503009C1434 /* Tangent.cpp in Sources */,
				4F92260B1FA2546F009C1434 /* Dropout.cpp in Sources */,
				4F9225FA1FA2520B009C1434 /* Network.cpp in Sources */,
				4F7FBD231FC8862300728E39 /* Pooling.cpp in Sources */,
				4F9226021FA25360009C1434 /* FullyConnected.cpp in Sources */,
				4F9226241FA2552A009C1434 /* Softsign.cpp in Sources */,
				4F9226181FA254C8009C1434 /* Linear Unit.cpp in Sources */,
				4FEE4DD91FB9C0E7005D7F5A /* MatrixMultiply.cl in Sources */,
				4F92261B1FA254D8009C1434 /* Binary Step.cpp in Sources */,
				4F9226111FA25491009C1434 /* Bias.cpp in Sources */,
				4FC992171FA6648900266EE0 /* LearnableParameters.cpp in Sources */,
				4F92261E1FA254EA009C1434 /* Logistic.cpp in Sources */,
				4F92262E1FA25785009C1434 /* Graph.cpp in Sources */,
				4F92262A1FA25746009C1434 /* Operation.cpp in Sources */,
				4F9225EA1FA24934009C1434 /* main.cpp in Sources */,
				4F7FBD201FC777B600728E39 /* L2.cpp in Sources */,
				4F9226081FA25462009C1434 /* BatchNormalisation.cpp in Sources */,
				4F9226271FA25533009C1434 /* Softplus.cpp in Sources */,
				4F44FEED1FCC1ABD00FEFAD3 /* LossFn.cpp in Sources */,
				4F9226051FA25371009C1434 /* Convolution.cpp in Sources */,
				4FA30E1E1FB0663C0035373F /* ElementWiseAdd.cl in Sources */,
				4F9225FE1FA2531C009C1434 /* TrainingData.cpp in Sources */,
				4F9226371FA35603009C1434 /* Layer.cpp in Sources */,
			);
			runOnlyForDeploymentPostprocessing = 0;
		};
/* End PBXSourcesBuildPhase section */

/* Begin XCBuildConfiguration section */
		4F9225EB1FA24934009C1434 /* Debug */ = {
			isa = XCBuildConfiguration;
			buildSettings = {
				ALWAYS_SEARCH_USER_PATHS = NO;
				CLANG_ANALYZER_NONNULL = YES;
				CLANG_CXX_LANGUAGE_STANDARD = "gnu++0x";
				CLANG_CXX_LIBRARY = "libc++";
				CLANG_ENABLE_MODULES = YES;
				CLANG_ENABLE_OBJC_ARC = YES;
				CLANG_WARN_BOOL_CONVERSION = YES;
				CLANG_WARN_CONSTANT_CONVERSION = YES;
				CLANG_WARN_DIRECT_OBJC_ISA_USAGE = YES_ERROR;
				CLANG_WARN_DOCUMENTATION_COMMENTS = YES;
				CLANG_WARN_EMPTY_BODY = YES;
				CLANG_WARN_ENUM_CONVERSION = YES;
				CLANG_WARN_INFINITE_RECURSION = YES;
				CLANG_WARN_INT_CONVERSION = YES;
				CLANG_WARN_OBJC_ROOT_CLASS = YES_ERROR;
				CLANG_WARN_SUSPICIOUS_MOVE = YES;
				CLANG_WARN_UNREACHABLE_CODE = YES;
				CLANG_WARN__DUPLICATE_METHOD_MATCH = YES;
				CODE_SIGN_IDENTITY = "-";
				COPY_PHASE_STRIP = NO;
				DEBUG_INFORMATION_FORMAT = dwarf;
				ENABLE_STRICT_OBJC_MSGSEND = YES;
				ENABLE_TESTABILITY = YES;
				GCC_C_LANGUAGE_STANDARD = gnu99;
				GCC_DYNAMIC_NO_PIC = NO;
				GCC_NO_COMMON_BLOCKS = YES;
				GCC_OPTIMIZATION_LEVEL = 0;
				GCC_PREPROCESSOR_DEFINITIONS = (
					"DEBUG=1",
					"$(inherited)",
				);
				GCC_WARN_64_TO_32_BIT_CONVERSION = YES;
				GCC_WARN_ABOUT_RETURN_TYPE = YES_ERROR;
				GCC_WARN_UNDECLARED_SELECTOR = YES;
				GCC_WARN_UNINITIALIZED_AUTOS = YES_AGGRESSIVE;
				GCC_WARN_UNUSED_FUNCTION = YES;
				GCC_WARN_UNUSED_VARIABLE = YES;
				MACOSX_DEPLOYMENT_TARGET = 10.12;
				MTL_ENABLE_DEBUG_INFO = YES;
				ONLY_ACTIVE_ARCH = YES;
				SDKROOT = macosx;
			};
			name = Debug;
		};
		4F9225EC1FA24934009C1434 /* Release */ = {
			isa = XCBuildConfiguration;
			buildSettings = {
				ALWAYS_SEARCH_USER_PATHS = NO;
				CLANG_ANALYZER_NONNULL = YES;
				CLANG_CXX_LANGUAGE_STANDARD = "gnu++0x";
				CLANG_CXX_LIBRARY = "libc++";
				CLANG_ENABLE_MODULES = YES;
				CLANG_ENABLE_OBJC_ARC = YES;
				CLANG_WARN_BOOL_CONVERSION = YES;
				CLANG_WARN_CONSTANT_CONVERSION = YES;
				CLANG_WARN_DIRECT_OBJC_ISA_USAGE = YES_ERROR;
				CLANG_WARN_DOCUMENTATION_COMMENTS = YES;
				CLANG_WARN_EMPTY_BODY = YES;
				CLANG_WARN_ENUM_CONVERSION = YES;
				CLANG_WARN_INFINITE_RECURSION = YES;
				CLANG_WARN_INT_CONVERSION = YES;
				CLANG_WARN_OBJC_ROOT_CLASS = YES_ERROR;
				CLANG_WARN_SUSPICIOUS_MOVE = YES;
				CLANG_WARN_UNREACHABLE_CODE = YES;
				CLANG_WARN__DUPLICATE_METHOD_MATCH = YES;
				CODE_SIGN_IDENTITY = "-";
				COPY_PHASE_STRIP = NO;
				DEBUG_INFORMATION_FORMAT = "dwarf-with-dsym";
				ENABLE_NS_ASSERTIONS = NO;
				ENABLE_STRICT_OBJC_MSGSEND = YES;
				GCC_C_LANGUAGE_STANDARD = gnu99;
				GCC_NO_COMMON_BLOCKS = YES;
				GCC_WARN_64_TO_32_BIT_CONVERSION = YES;
				GCC_WARN_ABOUT_RETURN_TYPE = YES_ERROR;
				GCC_WARN_UNDECLARED_SELECTOR = YES;
				GCC_WARN_UNINITIALIZED_AUTOS = YES_AGGRESSIVE;
				GCC_WARN_UNUSED_FUNCTION = YES;
				GCC_WARN_UNUSED_VARIABLE = YES;
				MACOSX_DEPLOYMENT_TARGET = 10.12;
				MTL_ENABLE_DEBUG_INFO = NO;
				SDKROOT = macosx;
			};
			name = Release;
		};
		4F9225EE1FA24934009C1434 /* Debug */ = {
			isa = XCBuildConfiguration;
			buildSettings = {
				PRODUCT_NAME = "$(TARGET_NAME)";
			};
			name = Debug;
		};
		4F9225EF1FA24934009C1434 /* Release */ = {
			isa = XCBuildConfiguration;
			buildSettings = {
				PRODUCT_NAME = "$(TARGET_NAME)";
			};
			name = Release;
		};
/* End XCBuildConfiguration section */

/* Begin XCConfigurationList section */
		4F9225E11FA24934009C1434 /* Build configuration list for PBXProject "dendrite" */ = {
			isa = XCConfigurationList;
			buildConfigurations = (
				4F9225EB1FA24934009C1434 /* Debug */,
				4F9225EC1FA24934009C1434 /* Release */,
			);
			defaultConfigurationIsVisible = 0;
			defaultConfigurationName = Release;
		};
		4F9225ED1FA24934009C1434 /* Build configuration list for PBXNativeTarget "dendrite" */ = {
			isa = XCConfigurationList;
			buildConfigurations = (
				4F9225EE1FA24934009C1434 /* Debug */,
				4F9225EF1FA24934009C1434 /* Release */,
			);
			defaultConfigurationIsVisible = 0;
			defaultConfigurationName = Release;
		};
/* End XCConfigurationList section */
	};
	rootObject = 4F9225DE1FA24934009C1434 /* Project object */;
}
